
Microsoft Visual Studio Solution File, Format Version 12.00
# Visual Studio Version 17
VisualStudioVersion = 17.0.31815.197
MinimumVisualStudioVersion = 10.0.40219.1
Project("{FAE04EC0-301F-11D3-BF4B-00C04F79EFBC}") = "Arcipreste.NuevoCliente", "Arcipreste.NuevoCliente\Arcipreste.NuevoCliente.csproj", "{930A843B-CE99-424E-8E0E-75048D8E0DCF}"
EndProject
Global
	GlobalSection(SolutionConfigurationPlatforms) = preSolution
		Debug|Any CPU = Debug|Any CPU
		Release|Any CPU = Release|Any CPU
	EndGlobalSection
	GlobalSection(ProjectConfigurationPlatforms) = postSolution
		{930A843B-CE99-424E-8E0E-75048D8E0DCF}.Debug|Any CPU.ActiveCfg = Debug|Any CPU
		{930A843B-CE99-424E-8E0E-75048D8E0DCF}.Debug|Any CPU.Build.0 = Debug|Any CPU
		{930A843B-CE99-424E-8E0E-75048D8E0DCF}.Release|Any CPU.ActiveCfg = Release|Any CPU
		{930A843B-CE99-424E-8E0E-75048D8E0DCF}.Release|Any CPU.Build.0 = Release|Any CPU
	EndGlobalSection
	GlobalSection(SolutionProperties) = preSolution
		HideSolutionNode = FALSE
	EndGlobalSection
	GlobalSection(ExtensibilityGlobals) = postSolution
		SolutionGuid = {93A11B1E-34E7-4B42-941F-2C21609C6CB3}
	EndGlobalSection
EndGlobal
